{
  "name": "textfilters",
  "version": "0.0.0",
  "lockfileVersion": 3,
  "requires": true,
  "packages": {
    "": {
      "name": "textfilters",
      "version": "0.0.0",
      "license": "MIT",
      "dependencies": {
        "@textfilters/core": "^0.4.0",
        "@textfilters/email": "^0.3.1",
        "@textfilters/phone": "^0.2.1",
        "@textfilters/profanity": "^0.15.2",
        "@textfilters/spam": "^0.3.2",
        "@textfilters/url": "^0.2.1"
      },
      "engines": {
        "node": ">=24"
      }
    },
    "node_modules/@textfilters/core": {
      "version": "0.4.0",
      "resolved": "https://npm.pkg.github.com/download/@textfilters/core/0.4.0/8209c6ad76bc0bdb4f07664d62db79561f9de171",
      "integrity": "sha512-E1zkqC3B73c1oserTh4dP6Vwrk6xXlqvTiKa5wzuM+sDA9M5lOim0X0dvjnROJ0ZKFxeuNSdpdLk5U3wtSuACA==",
      "license": "MIT",
      "engines": {
        "node": ">=24"
      }
    },
    "node_modules/@textfilters/email": {
      "version": "0.3.1",
      "resolved": "https://npm.pkg.github.com/download/@textfilters/email/0.3.1/a89888378c1808574e6a351ee96d2a51f01812a5",
      "integrity": "sha512-ZIgWqMRKg8Wmv5AfMLK8HCVMqR+TugJleEF0MNRgX9BxTnI9JGC/0HjLi0EMJCYbNUlzQE+mI2zYRZvox4NcWQ==",
      "license": "MIT",
      "dependencies": {
        "@textfilters/core": "^0.4.0"
      },
      "engines": {
        "node": ">=24"
      }
    },
    "node_modules/@textfilters/phone": {
      "version": "0.2.1",
      "resolved": "https://npm.pkg.github.com/download/@textfilters/phone/0.2.1/c28168cc75b3b5fa700f8a5bbedce1a4c31fe3b2",
      "integrity": "sha512-Ny1otiAmCPNGXbIRUgDsxaoWuYZbAUTcQ2yvyK+XenA1hoviV+m2ty6E/sA1uKP8zYs8eVdLv76h401H7KcHMA==",
      "license": "MIT",
      "dependencies": {
        "@textfilters/core": "^0.4.0"
      },
      "engines": {
        "node": ">=24"
      }
    },
    "node_modules/@textfilters/profanity": {
      "version": "0.15.2",
      "resolved": "https://npm.pkg.github.com/download/@textfilters/profanity/0.15.2/ca84e7d4b5cfd8a237c335dfd4f62c1b1e91a65d",
      "integrity": "sha512-qesbqQtuRHMeq5ebuUabhTxcYDjj32x6t3L4nSbHdtol0YqNnQia487IHtWXVBn/z++/5ve1L16u6ltbN7P/PQ==",
      "license": "MIT",
      "dependencies": {
        "@textfilters/core": "^0.4.0"
      },
      "bin": {
        "profanity-validate-language-dictionary": "dist/cli/validate-language-dictionary.js"
      },
      "engines": {
        "node": ">=24"
      }
    },
    "node_modules/@textfilters/spam": {
      "version": "0.3.2",
      "resolved": "https://npm.pkg.github.com/download/@textfilters/spam/0.3.2/8796b44954882c18576bd6370742e10b616c8c40",
      "integrity": "sha512-B1xG3nLRlQJVws75z3MhH2i4dKDYucp8ZfYYJg6mC9E6Zr8xYFGLUs94MzUOxV42ixJVBBD3m3iLK/HaxDx4hQ==",
      "license": "MIT",
      "dependencies": {
        "@textfilters/core": "^0.4.0"
      },
      "engines": {
        "node": ">=24"
      }
    },
    "node_modules/@textfilters/url": {
      "version": "0.2.1",
      "resolved": "https://npm.pkg.github.com/download/@textfilters/url/0.2.1/0df645ab3d3123563cb10380eae277d21d7cfa34",
      "integrity": "sha512-foMOucwj/LlWhzHuNULqRa6Fl9kqC+EpNF5Tw1IKEhp9GZjtUL+DuKci6YaHz3jRWxhvggElzX/Rg6ku2tDuzA==",
      "license": "MIT",
      "dependencies": {
        "@textfilters/core": "^0.4.0"
      },
      "engines": {
        "node": ">=24"
      }
    }
  }
}
