{
  "name": "textfilters",
  "version": "0.0.0",
  "lockfileVersion": 3,
  "requires": true,
  "packages": {
    "": {
      "name": "textfilters",
      "version": "0.0.0",
      "license": "MIT",
      "dependencies": {
        "@textfilters/core": "^0.3.1",
        "@textfilters/email": "^0.2.6",
        "@textfilters/phone": "^0.1.4",
        "@textfilters/profanity": "^0.13.4",
        "@textfilters/spam": "^0.2.0",
        "@textfilters/url": "^0.1.4"
      },
      "engines": {
        "node": ">=24"
      }
    },
    "node_modules/@textfilters/core": {
      "version": "0.3.1",
      "resolved": "https://npm.pkg.github.com/download/@textfilters/core/0.3.1/1aeece6d79d955813500ad06a788328807dbcef0",
      "integrity": "sha512-J4qtlZBYu4vUY5WMOEeQ77CJ1RWNL4519aSRQ53E4fCRrZ48D5Qb7v/b+1kq6Q3rwyjLszDGPVrSiCabvXZ8nQ==",
      "license": "MIT",
      "engines": {
        "node": ">=24"
      }
    },
    "node_modules/@textfilters/email": {
      "version": "0.2.6",
      "resolved": "https://npm.pkg.github.com/download/@textfilters/email/0.2.6/a379804b31592cec082889eff4777965b67b61eb",
      "integrity": "sha512-92Bt+JdHyy+JE2Uly+kcQu+b8cWqNZubMREc4wJlHGfi/ET3PfRmu11Xao8oo7ec/DKeWByFw4W97dTS4W/cgg==",
      "license": "MIT",
      "dependencies": {
        "@textfilters/core": "^0.3.1"
      },
      "engines": {
        "node": ">=24"
      }
    },
    "node_modules/@textfilters/phone": {
      "version": "0.1.4",
      "resolved": "https://npm.pkg.github.com/download/@textfilters/phone/0.1.4/d1967ad3d2c1330f75d1ed0a16508e59fa1f9a59",
      "integrity": "sha512-L1hpWiwbzrZyaf41qSLEGDVsN0NBsf8D8Y9ojfgjOpVAFP2+zIUcBH00sDFdmx+7G9kwbH1joenhYz/UAMGZWQ==",
      "license": "MIT",
      "dependencies": {
        "@textfilters/core": "^0.3.1"
      },
      "engines": {
        "node": ">=24"
      }
    },
    "node_modules/@textfilters/profanity": {
      "version": "0.13.4",
      "resolved": "https://npm.pkg.github.com/download/@textfilters/profanity/0.13.4/a31fd5a1bb388ea3b6e84a1052aecf96f829bebf",
      "integrity": "sha512-nIChEYX129PnOOP+9duqqEh7TcDJRIviva40FHHDkbeeRtc9bfO8ufZYf3nr4D84wgmTKxJVU3wIJX5AolBBrg==",
      "license": "MIT",
      "dependencies": {
        "@textfilters/core": "^0.3.1"
      },
      "bin": {
        "profanity-validate-language-dictionary": "dist/cli/validate-language-dictionary.js"
      },
      "engines": {
        "node": ">=24"
      }
    },
    "node_modules/@textfilters/spam": {
      "version": "0.2.0",
      "resolved": "https://npm.pkg.github.com/download/@textfilters/spam/0.2.0/77d612caba5aeed6883188120376cfcb3773787d",
      "integrity": "sha512-jn30PXn/q48I3AC7lZQoEOtMkLOWAbzr4E9KpZEfmjyfEusCD3vx6yoPctAIWaNwm+bMBPeo4AGTXY+JziB3Dg==",
      "license": "MIT",
      "dependencies": {
        "@textfilters/core": "^0.2.0"
      },
      "engines": {
        "node": ">=24"
      }
    },
    "node_modules/@textfilters/url": {
      "version": "0.1.4",
      "resolved": "https://npm.pkg.github.com/download/@textfilters/url/0.1.4/234d91f90eea492b4bd291dc2ee71f25f51c469a",
      "integrity": "sha512-L8a+eHPGP3RnD7B58WRCP62MqKFg5maUt/YoQAKH2FRRYMgd7bShSWTvzuhqz5C1AC8x0Lus1nYlDveBuMvS4g==",
      "license": "MIT",
      "dependencies": {
        "@textfilters/core": "^0.3.1"
      },
      "engines": {
        "node": ">=24"
      }
    }
  }
}
