{
  "name": "textfilters",
  "version": "0.0.0",
  "lockfileVersion": 3,
  "requires": true,
  "packages": {
    "": {
      "name": "textfilters",
      "version": "0.0.0",
      "license": "MIT",
      "dependencies": {
        "@textfilters/core": "^0.4.0",
        "@textfilters/email": "^0.3.1",
        "@textfilters/phone": "^0.2.2",
        "@textfilters/profanity": "^0.16.2",
        "@textfilters/spam": "^0.3.2",
        "@textfilters/url": "^0.3.0"
      },
      "engines": {
        "node": ">=24"
      }
    },
    "node_modules/@textfilters/core": {
      "version": "0.4.0",
      "resolved": "https://npm.pkg.github.com/download/@textfilters/core/0.4.0/8209c6ad76bc0bdb4f07664d62db79561f9de171",
      "integrity": "sha512-E1zkqC3B73c1oserTh4dP6Vwrk6xXlqvTiKa5wzuM+sDA9M5lOim0X0dvjnROJ0ZKFxeuNSdpdLk5U3wtSuACA==",
      "license": "MIT",
      "engines": {
        "node": ">=24"
      }
    },
    "node_modules/@textfilters/email": {
      "version": "0.3.1",
      "resolved": "https://npm.pkg.github.com/download/@textfilters/email/0.3.1/a89888378c1808574e6a351ee96d2a51f01812a5",
      "integrity": "sha512-ZIgWqMRKg8Wmv5AfMLK8HCVMqR+TugJleEF0MNRgX9BxTnI9JGC/0HjLi0EMJCYbNUlzQE+mI2zYRZvox4NcWQ==",
      "license": "MIT",
      "dependencies": {
        "@textfilters/core": "^0.4.0"
      },
      "engines": {
        "node": ">=24"
      }
    },
    "node_modules/@textfilters/phone": {
      "version": "0.2.2",
      "resolved": "https://npm.pkg.github.com/download/@textfilters/phone/0.2.2/8fa32c3739f48c78815e4f5f0270edb77709ac8c",
      "integrity": "sha512-8gemhIzvGITvhoysGTSlW0z5GXRLW6DX1CGGoPnlIZ/emhIN/XbnYvBuJOJjK3b7t8EB0qLMi0xpCQ6N7oeoLQ==",
      "license": "MIT",
      "dependencies": {
        "@textfilters/core": "^0.4.0"
      },
      "engines": {
        "node": ">=24"
      }
    },
    "node_modules/@textfilters/profanity": {
      "version": "0.16.2",
      "resolved": "https://npm.pkg.github.com/download/@textfilters/profanity/0.16.2/5d250874a91478607311e350c7a6e9070495a22b",
      "integrity": "sha512-aZOjqjGkWQ7rN3O5XOuhR93KOZSbiTPTLm67doqxhRsyOEb+a9+DVDRGpP8DkcdXV2ALVtG7LATo4Zv9/+Oahw==",
      "license": "MIT",
      "dependencies": {
        "@textfilters/core": "^0.4.0"
      },
      "bin": {
        "profanity-validate-language-dictionary": "dist/cli/validate-language-dictionary.js"
      },
      "engines": {
        "node": ">=24"
      }
    },
    "node_modules/@textfilters/spam": {
      "version": "0.3.2",
      "resolved": "https://npm.pkg.github.com/download/@textfilters/spam/0.3.2/8796b44954882c18576bd6370742e10b616c8c40",
      "integrity": "sha512-B1xG3nLRlQJVws75z3MhH2i4dKDYucp8ZfYYJg6mC9E6Zr8xYFGLUs94MzUOxV42ixJVBBD3m3iLK/HaxDx4hQ==",
      "license": "MIT",
      "dependencies": {
        "@textfilters/core": "^0.4.0"
      },
      "engines": {
        "node": ">=24"
      }
    },
    "node_modules/@textfilters/url": {
      "version": "0.3.0",
      "resolved": "https://npm.pkg.github.com/download/@textfilters/url/0.3.0/92db16ab5ec55b9a3af583b849a24035a2c1c0a3",
      "integrity": "sha512-AcgExaHBsy5a74A2yhPhw0OUTYGVN/hHO+rBvzpXTkpT2VvGMDHd0mbjws9dj4OUp9da8muEfcWOTmZRUVwc0Q==",
      "license": "MIT",
      "dependencies": {
        "@textfilters/core": "^0.4.0"
      },
      "engines": {
        "node": ">=24"
      }
    }
  }
}
